
Microsoft Visual Studio Solution File, Format Version 12.00
# Visual Studio 14
VisualStudioVersion = 14.0.25420.1
MinimumVisualStudioVersion = 10.0.40219.1
Project("{FAE04EC0-301F-11D3-BF4B-00C04F79EFBC}") = "Entidades", "Entidades\Entidades.csproj", "{2AB56BC2-BADC-465B-AD79-25CAF2E1A940}"
EndProject
Project("{FAE04EC0-301F-11D3-BF4B-00C04F79EFBC}") = "Datos", "Datos\Datos.csproj", "{C01CFD23-858E-485A-BFD4-72739241283B}"
EndProject
Project("{FAE04EC0-301F-11D3-BF4B-00C04F79EFBC}") = "Negocio", "Negocio\Negocio.csproj", "{60A33E99-9200-4176-8E62-EDF37A4E9753}"
EndProject
Project("{FAE04EC0-301F-11D3-BF4B-00C04F79EFBC}") = "Utiles", "Utiles\Utiles.csproj", "{F413FD4E-5E9E-44FD-BC5E-A190E2E373DB}"
EndProject
Project("{FAE04EC0-301F-11D3-BF4B-00C04F79EFBC}") = "Escritorio", "Escritorio\Escritorio.csproj", "{150C5C33-6464-46E2-9101-FF70EAC6D00A}"
EndProject
Global
	GlobalSection(SolutionConfigurationPlatforms) = preSolution
		Debug|Any CPU = Debug|Any CPU
		Release|Any CPU = Release|Any CPU
	EndGlobalSection
	GlobalSection(ProjectConfigurationPlatforms) = postSolution
		{2AB56BC2-BADC-465B-AD79-25CAF2E1A940}.Debug|Any CPU.ActiveCfg = Debug|Any CPU
		{2AB56BC2-BADC-465B-AD79-25CAF2E1A940}.Debug|Any CPU.Build.0 = Debug|Any CPU
		{2AB56BC2-BADC-465B-AD79-25CAF2E1A940}.Release|Any CPU.ActiveCfg = Release|Any CPU
		{2AB56BC2-BADC-465B-AD79-25CAF2E1A940}.Release|Any CPU.Build.0 = Release|Any CPU
		{C01CFD23-858E-485A-BFD4-72739241283B}.Debug|Any CPU.ActiveCfg = Debug|Any CPU
		{C01CFD23-858E-485A-BFD4-72739241283B}.Debug|Any CPU.Build.0 = Debug|Any CPU
		{C01CFD23-858E-485A-BFD4-72739241283B}.Release|Any CPU.ActiveCfg = Release|Any CPU
		{C01CFD23-858E-485A-BFD4-72739241283B}.Release|Any CPU.Build.0 = Release|Any CPU
		{60A33E99-9200-4176-8E62-EDF37A4E9753}.Debug|Any CPU.ActiveCfg = Debug|Any CPU
		{60A33E99-9200-4176-8E62-EDF37A4E9753}.Debug|Any CPU.Build.0 = Debug|Any CPU
		{60A33E99-9200-4176-8E62-EDF37A4E9753}.Release|Any CPU.ActiveCfg = Release|Any CPU
		{60A33E99-9200-4176-8E62-EDF37A4E9753}.Release|Any CPU.Build.0 = Release|Any CPU
		{F413FD4E-5E9E-44FD-BC5E-A190E2E373DB}.Debug|Any CPU.ActiveCfg = Debug|Any CPU
		{F413FD4E-5E9E-44FD-BC5E-A190E2E373DB}.Debug|Any CPU.Build.0 = Debug|Any CPU
		{F413FD4E-5E9E-44FD-BC5E-A190E2E373DB}.Release|Any CPU.ActiveCfg = Release|Any CPU
		{F413FD4E-5E9E-44FD-BC5E-A190E2E373DB}.Release|Any CPU.Build.0 = Release|Any CPU
		{150C5C33-6464-46E2-9101-FF70EAC6D00A}.Debug|Any CPU.ActiveCfg = Debug|Any CPU
		{150C5C33-6464-46E2-9101-FF70EAC6D00A}.Debug|Any CPU.Build.0 = Debug|Any CPU
		{150C5C33-6464-46E2-9101-FF70EAC6D00A}.Release|Any CPU.ActiveCfg = Release|Any CPU
		{150C5C33-6464-46E2-9101-FF70EAC6D00A}.Release|Any CPU.Build.0 = Release|Any CPU
	EndGlobalSection
	GlobalSection(SolutionProperties) = preSolution
		HideSolutionNode = FALSE
	EndGlobalSection
EndGlobal
